
Microsoft Visual Studio Solution File, Format Version 12.00
# Visual Studio Version 16
VisualStudioVersion = 16.0.30804.86
MinimumVisualStudioVersion = 10.0.40219.1
Project("{FAE04EC0-301F-11D3-BF4B-00C04F79EFBC}") = "StopwatchApp", "StopwatchApp.csproj", "{EC474458-1FC7-4288-881C-62DBE631850B}"
EndProject
Global
	GlobalSection(SolutionConfigurationPlatforms) = preSolution
		Debug|Any CPU = Debug|Any CPU
		Release|Any CPU = Release|Any CPU
	EndGlobalSection
	GlobalSection(ProjectConfigurationPlatforms) = postSolution
		{EC474458-1FC7-4288-881C-62DBE631850B}.Debug|Any CPU.ActiveCfg = Debug|Any CPU
		{EC474458-1FC7-4288-881C-62DBE631850B}.Debug|Any CPU.Build.0 = Debug|Any CPU
		{EC474458-1FC7-4288-881C-62DBE631850B}.Release|Any CPU.ActiveCfg = Release|Any CPU
		{EC474458-1FC7-4288-881C-62DBE631850B}.Release|Any CPU.Build.0 = Release|Any CPU
	EndGlobalSection
	GlobalSection(SolutionProperties) = preSolution
		HideSolutionNode = FALSE
	EndGlobalSection
	GlobalSection(ExtensibilityGlobals) = postSolution
		SolutionGuid = {C71281B4-B1E5-44B8-8EBC-20F36B293232}
	EndGlobalSection
EndGlobal
